
Microsoft Visual Studio Solution File, Format Version 12.00
# Visual Studio Version 17
VisualStudioVersion = 17.6.33829.357
MinimumVisualStudioVersion = 10.0.40219.1
Project("{FAE04EC0-301F-11D3-BF4B-00C04F79EFBC}") = "AbstractFactory", "Creationals\AbstractFactory\AbstractFactory\AbstractFactory.csproj", "{23F2B784-1646-4D0E-ABBB-8AF339903E9D}"
EndProject
Global
	GlobalSection(SolutionConfigurationPlatforms) = preSolution
		Debug|Any CPU = Debug|Any CPU
		Release|Any CPU = Release|Any CPU
	EndGlobalSection
	GlobalSection(ProjectConfigurationPlatforms) = postSolution
		{23F2B784-1646-4D0E-ABBB-8AF339903E9D}.Debug|Any CPU.ActiveCfg = Debug|Any CPU
		{23F2B784-1646-4D0E-ABBB-8AF339903E9D}.Debug|Any CPU.Build.0 = Debug|Any CPU
		{23F2B784-1646-4D0E-ABBB-8AF339903E9D}.Release|Any CPU.ActiveCfg = Release|Any CPU
		{23F2B784-1646-4D0E-ABBB-8AF339903E9D}.Release|Any CPU.Build.0 = Release|Any CPU
	EndGlobalSection
	GlobalSection(SolutionProperties) = preSolution
		HideSolutionNode = FALSE
	EndGlobalSection
	GlobalSection(ExtensibilityGlobals) = postSolution
		SolutionGuid = {714FE424-020C-45AF-B8B1-3FA8FBF240E6}
	EndGlobalSection
EndGlobal
